
Microsoft Visual Studio Solution File, Format Version 12.00
# Visual Studio Version 16
VisualStudioVersion = 16.0.30907.101
MinimumVisualStudioVersion = 10.0.40219.1
Project("{FAE04EC0-301F-11D3-BF4B-00C04F79EFBC}") = "ImagesForPowerPoint", "ImagesForPowerPoint\ImagesForPowerPoint.csproj", "{62D73801-E0C1-499C-BFD3-AD868563E12D}"
EndProject
Global
	GlobalSection(SolutionConfigurationPlatforms) = preSolution
		Debug|Any CPU = Debug|Any CPU
		Release|Any CPU = Release|Any CPU
	EndGlobalSection
	GlobalSection(ProjectConfigurationPlatforms) = postSolution
		{62D73801-E0C1-499C-BFD3-AD868563E12D}.Debug|Any CPU.ActiveCfg = Debug|Any CPU
		{62D73801-E0C1-499C-BFD3-AD868563E12D}.Debug|Any CPU.Build.0 = Debug|Any CPU
		{62D73801-E0C1-499C-BFD3-AD868563E12D}.Release|Any CPU.ActiveCfg = Release|Any CPU
		{62D73801-E0C1-499C-BFD3-AD868563E12D}.Release|Any CPU.Build.0 = Release|Any CPU
	EndGlobalSection
	GlobalSection(SolutionProperties) = preSolution
		HideSolutionNode = FALSE
	EndGlobalSection
	GlobalSection(ExtensibilityGlobals) = postSolution
		SolutionGuid = {D022FF31-9913-4E76-B58B-1CFA214D9708}
	EndGlobalSection
EndGlobal
